
Microsoft Visual Studio Solution File, Format Version 12.00
# Visual Studio 15
VisualStudioVersion = 15.0.27703.2018
MinimumVisualStudioVersion = 10.0.40219.1
Project("{9A19103F-16F7-4668-BE54-9A1E7A4F7556}") = "AgroAppWS", "AgroAppWS\AgroAppWS.csproj", "{FAF71748-18ED-4048-8E34-49AC478ACC7E}"
EndProject
Project("{9A19103F-16F7-4668-BE54-9A1E7A4F7556}") = "LibraryLayer", "..\LibraryLayer\LibraryLayer.csproj", "{8295C608-37F0-468A-A3BB-9BA6189820C8}"
EndProject
Project("{9A19103F-16F7-4668-BE54-9A1E7A4F7556}") = "EntityLayer", "..\EntityLayer\EntityLayer.csproj", "{23B819E8-C27E-4128-89F0-628252AA00F7}"
EndProject
Project("{9A19103F-16F7-4668-BE54-9A1E7A4F7556}") = "DataLayer", "..\DataLayer\DataLayer.csproj", "{389558CC-A9C2-4B69-8E5E-DA92AA713A76}"
EndProject
Project("{9A19103F-16F7-4668-BE54-9A1E7A4F7556}") = "BusinessLayer", "..\BusinessLayer\BusinessLayer.csproj", "{ECFFE10E-805F-454C-A432-F54A38FD84AD}"
EndProject
Global
	GlobalSection(SolutionConfigurationPlatforms) = preSolution
		Debug|Any CPU = Debug|Any CPU
		Release|Any CPU = Release|Any CPU
	EndGlobalSection
	GlobalSection(ProjectConfigurationPlatforms) = postSolution
		{FAF71748-18ED-4048-8E34-49AC478ACC7E}.Debug|Any CPU.ActiveCfg = Debug|Any CPU
		{FAF71748-18ED-4048-8E34-49AC478ACC7E}.Debug|Any CPU.Build.0 = Debug|Any CPU
		{FAF71748-18ED-4048-8E34-49AC478ACC7E}.Release|Any CPU.ActiveCfg = Release|Any CPU
		{FAF71748-18ED-4048-8E34-49AC478ACC7E}.Release|Any CPU.Build.0 = Release|Any CPU
		{8295C608-37F0-468A-A3BB-9BA6189820C8}.Debug|Any CPU.ActiveCfg = Debug|Any CPU
		{8295C608-37F0-468A-A3BB-9BA6189820C8}.Debug|Any CPU.Build.0 = Debug|Any CPU
		{8295C608-37F0-468A-A3BB-9BA6189820C8}.Release|Any CPU.ActiveCfg = Release|Any CPU
		{8295C608-37F0-468A-A3BB-9BA6189820C8}.Release|Any CPU.Build.0 = Release|Any CPU
		{23B819E8-C27E-4128-89F0-628252AA00F7}.Debug|Any CPU.ActiveCfg = Debug|Any CPU
		{23B819E8-C27E-4128-89F0-628252AA00F7}.Debug|Any CPU.Build.0 = Debug|Any CPU
		{23B819E8-C27E-4128-89F0-628252AA00F7}.Release|Any CPU.ActiveCfg = Release|Any CPU
		{23B819E8-C27E-4128-89F0-628252AA00F7}.Release|Any CPU.Build.0 = Release|Any CPU
		{389558CC-A9C2-4B69-8E5E-DA92AA713A76}.Debug|Any CPU.ActiveCfg = Debug|Any CPU
		{389558CC-A9C2-4B69-8E5E-DA92AA713A76}.Debug|Any CPU.Build.0 = Debug|Any CPU
		{389558CC-A9C2-4B69-8E5E-DA92AA713A76}.Release|Any CPU.ActiveCfg = Release|Any CPU
		{389558CC-A9C2-4B69-8E5E-DA92AA713A76}.Release|Any CPU.Build.0 = Release|Any CPU
		{ECFFE10E-805F-454C-A432-F54A38FD84AD}.Debug|Any CPU.ActiveCfg = Debug|Any CPU
		{ECFFE10E-805F-454C-A432-F54A38FD84AD}.Debug|Any CPU.Build.0 = Debug|Any CPU
		{ECFFE10E-805F-454C-A432-F54A38FD84AD}.Release|Any CPU.ActiveCfg = Release|Any CPU
		{ECFFE10E-805F-454C-A432-F54A38FD84AD}.Release|Any CPU.Build.0 = Release|Any CPU
	EndGlobalSection
	GlobalSection(SolutionProperties) = preSolution
		HideSolutionNode = FALSE
	EndGlobalSection
	GlobalSection(ExtensibilityGlobals) = postSolution
		SolutionGuid = {A7326353-D50D-4E45-8E46-5EBA873E168A}
	EndGlobalSection
EndGlobal
