
Microsoft Visual Studio Solution File, Format Version 12.00
# Visual Studio 15
VisualStudioVersion = 15.0.27703.2018
MinimumVisualStudioVersion = 10.0.40219.1
Project("{9A19103F-16F7-4668-BE54-9A1E7A4F7556}") = "AgroAppWeb", "AgroAppWeb\AgroAppWeb.csproj", "{13802C7C-41F0-467C-ACB5-B4CA017964FA}"
EndProject
Project("{9A19103F-16F7-4668-BE54-9A1E7A4F7556}") = "EntityLayer", "..\EntityLayer\EntityLayer.csproj", "{03935922-0423-41E6-AB04-5BA79F6CEBC1}"
EndProject
Project("{9A19103F-16F7-4668-BE54-9A1E7A4F7556}") = "DataLayer", "..\DataLayer\DataLayer.csproj", "{317C2F67-7400-4C94-B75B-6819B4B81F7D}"
EndProject
Project("{9A19103F-16F7-4668-BE54-9A1E7A4F7556}") = "LibraryLayer", "..\LibraryLayer\LibraryLayer.csproj", "{5DE0D49C-C084-43BE-99DF-F9FC38A3951D}"
EndProject
Project("{9A19103F-16F7-4668-BE54-9A1E7A4F7556}") = "BusinessLayer", "..\BusinessLayer\BusinessLayer.csproj", "{7C370A1B-527F-4E55-8C57-8F4DD1F6CCF2}"
EndProject
Global
	GlobalSection(SolutionConfigurationPlatforms) = preSolution
		Debug|Any CPU = Debug|Any CPU
		Release|Any CPU = Release|Any CPU
	EndGlobalSection
	GlobalSection(ProjectConfigurationPlatforms) = postSolution
		{13802C7C-41F0-467C-ACB5-B4CA017964FA}.Debug|Any CPU.ActiveCfg = Debug|Any CPU
		{13802C7C-41F0-467C-ACB5-B4CA017964FA}.Debug|Any CPU.Build.0 = Debug|Any CPU
		{13802C7C-41F0-467C-ACB5-B4CA017964FA}.Release|Any CPU.ActiveCfg = Release|Any CPU
		{13802C7C-41F0-467C-ACB5-B4CA017964FA}.Release|Any CPU.Build.0 = Release|Any CPU
		{03935922-0423-41E6-AB04-5BA79F6CEBC1}.Debug|Any CPU.ActiveCfg = Debug|Any CPU
		{03935922-0423-41E6-AB04-5BA79F6CEBC1}.Debug|Any CPU.Build.0 = Debug|Any CPU
		{03935922-0423-41E6-AB04-5BA79F6CEBC1}.Release|Any CPU.ActiveCfg = Release|Any CPU
		{03935922-0423-41E6-AB04-5BA79F6CEBC1}.Release|Any CPU.Build.0 = Release|Any CPU
		{317C2F67-7400-4C94-B75B-6819B4B81F7D}.Debug|Any CPU.ActiveCfg = Debug|Any CPU
		{317C2F67-7400-4C94-B75B-6819B4B81F7D}.Debug|Any CPU.Build.0 = Debug|Any CPU
		{317C2F67-7400-4C94-B75B-6819B4B81F7D}.Release|Any CPU.ActiveCfg = Release|Any CPU
		{317C2F67-7400-4C94-B75B-6819B4B81F7D}.Release|Any CPU.Build.0 = Release|Any CPU
		{5DE0D49C-C084-43BE-99DF-F9FC38A3951D}.Debug|Any CPU.ActiveCfg = Debug|Any CPU
		{5DE0D49C-C084-43BE-99DF-F9FC38A3951D}.Debug|Any CPU.Build.0 = Debug|Any CPU
		{5DE0D49C-C084-43BE-99DF-F9FC38A3951D}.Release|Any CPU.ActiveCfg = Release|Any CPU
		{5DE0D49C-C084-43BE-99DF-F9FC38A3951D}.Release|Any CPU.Build.0 = Release|Any CPU
		{7C370A1B-527F-4E55-8C57-8F4DD1F6CCF2}.Debug|Any CPU.ActiveCfg = Debug|Any CPU
		{7C370A1B-527F-4E55-8C57-8F4DD1F6CCF2}.Debug|Any CPU.Build.0 = Debug|Any CPU
		{7C370A1B-527F-4E55-8C57-8F4DD1F6CCF2}.Release|Any CPU.ActiveCfg = Release|Any CPU
		{7C370A1B-527F-4E55-8C57-8F4DD1F6CCF2}.Release|Any CPU.Build.0 = Release|Any CPU
	EndGlobalSection
	GlobalSection(SolutionProperties) = preSolution
		HideSolutionNode = FALSE
	EndGlobalSection
	GlobalSection(ExtensibilityGlobals) = postSolution
		SolutionGuid = {EF11E6B2-B281-448C-A039-2957576E0C42}
	EndGlobalSection
EndGlobal
